
Microsoft Visual Studio Solution File, Format Version 12.00
# Visual Studio Version 16
VisualStudioVersion = 16.0.31112.23
MinimumVisualStudioVersion = 10.0.40219.1
Project("{FAE04EC0-301F-11D3-BF4B-00C04F79EFBC}") = "prueba-2021", "prueba-2021\prueba-2021.csproj", "{A78FF467-8269-4CD8-9D97-4C53A5051098}"
EndProject
Global
	GlobalSection(SolutionConfigurationPlatforms) = preSolution
		Debug|Any CPU = Debug|Any CPU
		Release|Any CPU = Release|Any CPU
	EndGlobalSection
	GlobalSection(ProjectConfigurationPlatforms) = postSolution
		{A78FF467-8269-4CD8-9D97-4C53A5051098}.Debug|Any CPU.ActiveCfg = Debug|Any CPU
		{A78FF467-8269-4CD8-9D97-4C53A5051098}.Debug|Any CPU.Build.0 = Debug|Any CPU
		{A78FF467-8269-4CD8-9D97-4C53A5051098}.Release|Any CPU.ActiveCfg = Release|Any CPU
		{A78FF467-8269-4CD8-9D97-4C53A5051098}.Release|Any CPU.Build.0 = Release|Any CPU
	EndGlobalSection
	GlobalSection(SolutionProperties) = preSolution
		HideSolutionNode = FALSE
	EndGlobalSection
	GlobalSection(ExtensibilityGlobals) = postSolution
		SolutionGuid = {4BA7C2AD-8323-477E-A575-90961092DBD1}
	EndGlobalSection
EndGlobal
